
Microsoft Visual Studio Solution File, Format Version 12.00
Project("{FAE04EC0-301F-11D3-BF4B-00C04F79EFBC}") = "Converter", "Converter\Converter.csproj", "{485BCCA3-D7D8-4DE6-935D-F7D0971A1D89}"
EndProject
Global
	GlobalSection(SolutionConfigurationPlatforms) = preSolution
		Debug|Any CPU = Debug|Any CPU
		Release|Any CPU = Release|Any CPU
	EndGlobalSection
	GlobalSection(ProjectConfigurationPlatforms) = postSolution
		{485BCCA3-D7D8-4DE6-935D-F7D0971A1D89}.Debug|Any CPU.ActiveCfg = Debug|Any CPU
		{485BCCA3-D7D8-4DE6-935D-F7D0971A1D89}.Debug|Any CPU.Build.0 = Debug|Any CPU
		{485BCCA3-D7D8-4DE6-935D-F7D0971A1D89}.Release|Any CPU.ActiveCfg = Release|Any CPU
		{485BCCA3-D7D8-4DE6-935D-F7D0971A1D89}.Release|Any CPU.Build.0 = Release|Any CPU
	EndGlobalSection
EndGlobal
